
Microsoft Visual Studio Solution File, Format Version 12.00
# Visual Studio Version 17
VisualStudioVersion = 17.7.34031.279
MinimumVisualStudioVersion = 10.0.40219.1
Project("{FAE04EC0-301F-11D3-BF4B-00C04F79EFBC}") = "ExamenUH", "WebApplication1\ExamenUH.csproj", "{3C7DDF1E-0951-48A7-AB4E-AD7925AEADA9}"
EndProject
Global
	GlobalSection(SolutionConfigurationPlatforms) = preSolution
		Debug|Any CPU = Debug|Any CPU
		Release|Any CPU = Release|Any CPU
	EndGlobalSection
	GlobalSection(ProjectConfigurationPlatforms) = postSolution
		{3C7DDF1E-0951-48A7-AB4E-AD7925AEADA9}.Debug|Any CPU.ActiveCfg = Debug|Any CPU
		{3C7DDF1E-0951-48A7-AB4E-AD7925AEADA9}.Debug|Any CPU.Build.0 = Debug|Any CPU
		{3C7DDF1E-0951-48A7-AB4E-AD7925AEADA9}.Release|Any CPU.ActiveCfg = Release|Any CPU
		{3C7DDF1E-0951-48A7-AB4E-AD7925AEADA9}.Release|Any CPU.Build.0 = Release|Any CPU
	EndGlobalSection
	GlobalSection(SolutionProperties) = preSolution
		HideSolutionNode = FALSE
	EndGlobalSection
	GlobalSection(ExtensibilityGlobals) = postSolution
		SolutionGuid = {A53FB4E7-44DF-460D-B56B-A5CC7AAF6EBB}
	EndGlobalSection
EndGlobal
